// !$*UTF8*$!
{
	archiveVersion = 1;
	classes = {
	};
	objectVersion = 46;
	objects = {

/* Begin PBXBuildFile section */
		0931EB70143719F9007363E4 /* UIKit.framework in Frameworks */ = {isa = PBXBuildFile; fileRef = 0931EB6F143719F9007363E4 /* UIKit.framework */; };
		0931EB72143719F9007363E4 /* Foundation.framework in Frameworks */ = {isa = PBXBuildFile; fileRef = 0931EB71143719F9007363E4 /* Foundation.framework */; };
		0931EB74143719F9007363E4 /* CoreGraphics.framework in Frameworks */ = {isa = PBXBuildFile; fileRef = 0931EB73143719F9007363E4 /* CoreGraphics.framework */; };
		0931EB7A143719F9007363E4 /* InfoPlist.strings in Resources */ = {isa = PBXBuildFile; fileRef = 0931EB78143719F9007363E4 /* InfoPlist.strings */; };
		0931EB7C143719F9007363E4 /* main.m in Sources */ = {isa = PBXBuildFile; fileRef = 0931EB7B143719F9007363E4 /* main.m */; };
		0931EB80143719F9007363E4 /* FoleysBeerAppAppDelegate.m in Sources */ = {isa = PBXBuildFile; fileRef = 0931EB7F143719F9007363E4 /* FoleysBeerAppAppDelegate.m */; };
		0931EB83143719F9007363E4 /* MainWindow.xib in Resources */ = {isa = PBXBuildFile; fileRef = 0931EB81143719F9007363E4 /* MainWindow.xib */; };
		0931EB86143719F9007363E4 /* RootViewController.m in Sources */ = {isa = PBXBuildFile; fileRef = 0931EB85143719F9007363E4 /* RootViewController.m */; };
		0931EB89143719F9007363E4 /* RootViewController.xib in Resources */ = {isa = PBXBuildFile; fileRef = 0931EB87143719F9007363E4 /* RootViewController.xib */; };
		0931EB91143719F9007363E4 /* SenTestingKit.framework in Frameworks */ = {isa = PBXBuildFile; fileRef = 0931EB90143719F9007363E4 /* SenTestingKit.framework */; };
		0931EB92143719F9007363E4 /* UIKit.framework in Frameworks */ = {isa = PBXBuildFile; fileRef = 0931EB6F143719F9007363E4 /* UIKit.framework */; };
		0931EB93143719F9007363E4 /* Foundation.framework in Frameworks */ = {isa = PBXBuildFile; fileRef = 0931EB71143719F9007363E4 /* Foundation.framework */; };
		0931EB94143719F9007363E4 /* CoreGraphics.framework in Frameworks */ = {isa = PBXBuildFile; fileRef = 0931EB73143719F9007363E4 /* CoreGraphics.framework */; };
		0931EB9C143719F9007363E4 /* InfoPlist.strings in Resources */ = {isa = PBXBuildFile; fileRef = 0931EB9A143719F9007363E4 /* InfoPlist.strings */; };
		0931EB9E143719F9007363E4 /* FoleysBeerAppTests.h in Resources */ = {isa = PBXBuildFile; fileRef = 0931EB9D143719F9007363E4 /* FoleysBeerAppTests.h */; };
		0931EBA0143719F9007363E4 /* FoleysBeerAppTests.m in Sources */ = {isa = PBXBuildFile; fileRef = 0931EB9F143719F9007363E4 /* FoleysBeerAppTests.m */; };
/* End PBXBuildFile section */

/* Begin PBXContainerItemProxy section */
		0931EB95143719F9007363E4 /* PBXContainerItemProxy */ = {
			isa = PBXContainerItemProxy;
			containerPortal = 0931EB62143719F9007363E4 /* Project object */;
			proxyType = 1;
			remoteGlobalIDString = 0931EB6A143719F9007363E4;
			remoteInfo = FoleysBeerApp;
		};
/* End PBXContainerItemProxy section */

/* Begin PBXFileReference section */
		0931EB6B143719F9007363E4 /* FoleysBeerApp.app */ = {isa = PBXFileReference; explicitFileType = wrapper.application; includeInIndex = 0; path = FoleysBeerApp.app; sourceTree = BUILT_PRODUCTS_DIR; };
		0931EB6F143719F9007363E4 /* UIKit.framework */ = {isa = PBXFileReference; lastKnownFileType = wrapper.framework; name = UIKit.framework; path = System/Library/Frameworks/UIKit.framework; sourceTree = SDKROOT; };
		0931EB71143719F9007363E4 /* Foundation.framework */ = {isa = PBXFileReference; lastKnownFileType = wrapper.framework; name = Foundation.framework; path = System/Library/Frameworks/Foundation.framework; sourceTree = SDKROOT; };
		0931EB73143719F9007363E4 /* CoreGraphics.framework */ = {isa = PBXFileReference; lastKnownFileType = wrapper.framework; name = CoreGraphics.framework; path = System/Library/Frameworks/CoreGraphics.framework; sourceTree = SDKROOT; };
		0931EB77143719F9007363E4 /* FoleysBeerApp-Info.plist */ = {isa = PBXFileReference; path = "FoleysBeerApp-Info.plist"; sourceTree = "<group>"; };
		0931EB79143719F9007363E4 /* en */ = {isa = PBXFileReference; lastKnownFileType = text.plist.strings; name = en; path = en.lproj/InfoPlist.strings; sourceTree = "<group>"; };
		0931EB7B143719F9007363E4 /* main.m */ = {isa = PBXFileReference; lastKnownFileType = sourcecode.c.objc; path = main.m; sourceTree = "<group>"; };
		0931EB7D143719F9007363E4 /* FoleysBeerApp-Prefix.pch */ = {isa = PBXFileReference; path = "FoleysBeerApp-Prefix.pch"; sourceTree = "<group>"; };
		0931EB7E143719F9007363E4 /* FoleysBeerAppAppDelegate.h */ = {isa = PBXFileReference; path = FoleysBeerAppAppDelegate.h; sourceTree = "<group>"; };
		0931EB7F143719F9007363E4 /* FoleysBeerAppAppDelegate.m */ = {isa = PBXFileReference; lastKnownFileType = sourcecode.c.objc; path = FoleysBeerAppAppDelegate.m; sourceTree = "<group>"; };
		0931EB82143719F9007363E4 /* en */ = {isa = PBXFileReference; lastKnownFileType = file.xib; name = en; path = en.lproj/MainWindow.xib; sourceTree = "<group>"; };
		0931EB84143719F9007363E4 /* RootViewController.h */ = {isa = PBXFileReference; path = RootViewController.h; sourceTree = "<group>"; };
		0931EB85143719F9007363E4 /* RootViewController.m */ = {isa = PBXFileReference; lastKnownFileType = sourcecode.c.objc; path = RootViewController.m; sourceTree = "<group>"; };
		0931EB88143719F9007363E4 /* en */ = {isa = PBXFileReference; lastKnownFileType = file.xib; name = en; path = en.lproj/RootViewController.xib; sourceTree = "<group>"; };
		0931EB8F143719F9007363E4 /* FoleysBeerAppTests.octest */ = {isa = PBXFileReference; explicitFileType = wrapper.cfbundle; includeInIndex = 0; path = FoleysBeerAppTests.octest; sourceTree = BUILT_PRODUCTS_DIR; };
		0931EB90143719F9007363E4 /* SenTestingKit.framework */ = {isa = PBXFileReference; lastKnownFileType = wrapper.framework; name = SenTestingKit.framework; path = Library/Frameworks/SenTestingKit.framework; sourceTree = DEVELOPER_DIR; };
		0931EB99143719F9007363E4 /* FoleysBeerAppTests-Info.plist */ = {isa = PBXFileReference; path = "FoleysBeerAppTests-Info.plist"; sourceTree = "<group>"; };
		0931EB9B143719F9007363E4 /* en */ = {isa = PBXFileReference; lastKnownFileType = text.plist.strings; name = en; path = en.lproj/InfoPlist.strings; sourceTree = "<group>"; };
		0931EB9D143719F9007363E4 /* FoleysBeerAppTests.h */ = {isa = PBXFileReference; lastKnownFileType = sourcecode.c.h; path = FoleysBeerAppTests.h; sourceTree = "<group>"; };
		0931EB9F143719F9007363E4 /* FoleysBeerAppTests.m */ = {isa = PBXFileReference; lastKnownFileType = sourcecode.c.objc; path = FoleysBeerAppTests.m; sourceTree = "<group>"; };
/* End PBXFileReference section */

/* Begin PBXFrameworksBuildPhase section */
		0931EB68143719F9007363E4 /* Frameworks */ = {
			isa = PBXFrameworksBuildPhase;
			buildActionMask = 2147483647;
			files = (
				0931EB70143719F9007363E4 /* UIKit.framework in Frameworks */,
				0931EB72143719F9007363E4 /* Foundation.framework in Frameworks */,
				0931EB74143719F9007363E4 /* CoreGraphics.framework in Frameworks */,
			);
			runOnlyForDeploymentPostprocessing = 0;
		};
		0931EB8B143719F9007363E4 /* Frameworks */ = {
			isa = PBXFrameworksBuildPhase;
			buildActionMask = 2147483647;
			files = (
				0931EB91143719F9007363E4 /* SenTestingKit.framework in Frameworks */,
				0931EB92143719F9007363E4 /* UIKit.framework in Frameworks */,
				0931EB93143719F9007363E4 /* Foundation.framework in Frameworks */,
				0931EB94143719F9007363E4 /* CoreGraphics.framework in Frameworks */,
			);
			runOnlyForDeploymentPostprocessing = 0;
		};
/* End PBXFrameworksBuildPhase section */

/* Begin PBXGroup section */
		0931EB60143719F8007363E4 = {
			isa = PBXGroup;
			children = (
				0931EB75143719F9007363E4 /* FoleysBeerApp */,
				0931EB97143719F9007363E4 /* FoleysBeerAppTests */,
				0931EB6E143719F9007363E4 /* Frameworks */,
				0931EB6C143719F9007363E4 /* Products */,
			);
			sourceTree = "<group>";
		};
		0931EB6C143719F9007363E4 /* Products */ = {
			isa = PBXGroup;
			children = (
				0931EB6B143719F9007363E4 /* FoleysBeerApp.app */,
				0931EB8F143719F9007363E4 /* FoleysBeerAppTests.octest */,
			);
			name = Products;
			sourceTree = "<group>";
		};
		0931EB6E143719F9007363E4 /* Frameworks */ = {
			isa = PBXGroup;
			children = (
				0931EB6F143719F9007363E4 /* UIKit.framework */,
				0931EB71143719F9007363E4 /* Foundation.framework */,
				0931EB73143719F9007363E4 /* CoreGraphics.framework */,
				0931EB90143719F9007363E4 /* SenTestingKit.framework */,
			);
			name = Frameworks;
			sourceTree = "<group>";
		};
		0931EB75143719F9007363E4 /* FoleysBeerApp */ = {
			isa = PBXGroup;
			children = (
				0931EB7E143719F9007363E4 /* FoleysBeerAppAppDelegate.h */,
				0931EB7F143719F9007363E4 /* FoleysBeerAppAppDelegate.m */,
				0931EB81143719F9007363E4 /* MainWindow.xib */,
				0931EB84143719F9007363E4 /* RootViewController.h */,
				0931EB85143719F9007363E4 /* RootViewController.m */,
				0931EB87143719F9007363E4 /* RootViewController.xib */,
				0931EB76143719F9007363E4 /* Supporting Files */,
			);
			path = FoleysBeerApp;
			sourceTree = "<group>";
		};
		0931EB76143719F9007363E4 /* Supporting Files */ = {
			isa = PBXGroup;
			children = (
				0931EB77143719F9007363E4 /* FoleysBeerApp-Info.plist */,
				0931EB78143719F9007363E4 /* InfoPlist.strings */,
				0931EB7B143719F9007363E4 /* main.m */,
				0931EB7D143719F9007363E4 /* FoleysBeerApp-Prefix.pch */,
			);
			name = "Supporting Files";
			sourceTree = "<group>";
		};
		0931EB97143719F9007363E4 /* FoleysBeerAppTests */ = {
			isa = PBXGroup;
			children = (
				0931EB9D143719F9007363E4 /* FoleysBeerAppTests.h */,
				0931EB9F143719F9007363E4 /* FoleysBeerAppTests.m */,
				0931EB98143719F9007363E4 /* Supporting Files */,
			);
			path = FoleysBeerAppTests;
			sourceTree = "<group>";
		};
		0931EB98143719F9007363E4 /* Supporting Files */ = {
			isa = PBXGroup;
			children = (
				0931EB99143719F9007363E4 /* FoleysBeerAppTests-Info.plist */,
				0931EB9A143719F9007363E4 /* InfoPlist.strings */,
			);
			name = "Supporting Files";
			sourceTree = "<group>";
		};
/* End PBXGroup section */

/* Begin PBXNativeTarget section */
		0931EB6A143719F9007363E4 /* FoleysBeerApp */ = {
			isa = PBXNativeTarget;
			buildConfigurationList = 0931EBA3143719F9007363E4 /* Build configuration list for PBXNativeTarget "FoleysBeerApp" */;
			buildPhases = (
				0931EB67143719F9007363E4 /* Sources */,
				0931EB68143719F9007363E4 /* Frameworks */,
				0931EB69143719F9007363E4 /* Resources */,
			);
			buildRules = (
			);
			dependencies = (
			);
			name = FoleysBeerApp;
			productName = FoleysBeerApp;
			productReference = 0931EB6B143719F9007363E4 /* FoleysBeerApp.app */;
			productType = "com.apple.product-type.application";
		};
		0931EB8E143719F9007363E4 /* FoleysBeerAppTests */ = {
			isa = PBXNativeTarget;
			buildConfigurationList = 0931EBA6143719F9007363E4 /* Build configuration list for PBXNativeTarget "FoleysBeerAppTests" */;
			buildPhases = (
				0931EB8A143719F9007363E4 /* Sources */,
				0931EB8B143719F9007363E4 /* Frameworks */,
				0931EB8C143719F9007363E4 /* Resources */,
				0931EB8D143719F9007363E4 /* ShellScript */,
			);
			buildRules = (
			);
			dependencies = (
				0931EB96143719F9007363E4 /* PBXTargetDependency */,
			);
			name = FoleysBeerAppTests;
			productName = FoleysBeerAppTests;
			productReference = 0931EB8F143719F9007363E4 /* FoleysBeerAppTests.octest */;
			productType = "com.apple.product-type.bundle";
		};
/* End PBXNativeTarget section */

/* Begin PBXProject section */
		0931EB62143719F9007363E4 /* Project object */ = {
			isa = PBXProject;
			attributes = {
				ORGANIZATIONNAME = "Swedishcampground Software";
			};
			buildConfigurationList = 0931EB65143719F9007363E4 /* Build configuration list for PBXProject "FoleysBeerApp" */;
			compatibilityVersion = "Xcode 3.2";
			developmentRegion = English;
			hasScannedForEncodings = 0;
			knownRegions = (
				en,
			);
			mainGroup = 0931EB60143719F8007363E4;
			productRefGroup = 0931EB6C143719F9007363E4 /* Products */;
			projectDirPath = "";
			projectRoot = "";
			targets = (
				0931EB6A143719F9007363E4 /* FoleysBeerApp */,
				0931EB8E143719F9007363E4 /* FoleysBeerAppTests */,
			);
		};
/* End PBXProject section */

/* Begin PBXResourcesBuildPhase section */
		0931EB69143719F9007363E4 /* Resources */ = {
			isa = PBXResourcesBuildPhase;
			buildActionMask = 2147483647;
			files = (
				0931EB7A143719F9007363E4 /* InfoPlist.strings in Resources */,
				0931EB83143719F9007363E4 /* MainWindow.xib in Resources */,
				0931EB89143719F9007363E4 /* RootViewController.xib in Resources */,
			);
			runOnlyForDeploymentPostprocessing = 0;
		};
		0931EB8C143719F9007363E4 /* Resources */ = {
			isa = PBXResourcesBuildPhase;
			buildActionMask = 2147483647;
			files = (
				0931EB9C143719F9007363E4 /* InfoPlist.strings in Resources */,
				0931EB9E143719F9007363E4 /* FoleysBeerAppTests.h in Resources */,
			);
			runOnlyForDeploymentPostprocessing = 0;
		};
/* End PBXResourcesBuildPhase section */

/* Begin PBXShellScriptBuildPhase section */
		0931EB8D143719F9007363E4 /* ShellScript */ = {
			isa = PBXShellScriptBuildPhase;
			buildActionMask = 2147483647;
			files = (
			);
			inputPaths = (
			);
			outputPaths = (
			);
			runOnlyForDeploymentPostprocessing = 0;
			shellPath = /bin/sh;
			shellScript = "# Run the unit tests in this test bundle.\n\"${SYSTEM_DEVELOPER_DIR}/Tools/RunUnitTests\"\n";
		};
/* End PBXShellScriptBuildPhase section */

/* Begin PBXSourcesBuildPhase section */
		0931EB67143719F9007363E4 /* Sources */ = {
			isa = PBXSourcesBuildPhase;
			buildActionMask = 2147483647;
			files = (
				0931EB7C143719F9007363E4 /* main.m in Sources */,
				0931EB80143719F9007363E4 /* FoleysBeerAppAppDelegate.m in Sources */,
				0931EB86143719F9007363E4 /* RootViewController.m in Sources */,
			);
			runOnlyForDeploymentPostprocessing = 0;
		};
		0931EB8A143719F9007363E4 /* Sources */ = {
			isa = PBXSourcesBuildPhase;
			buildActionMask = 2147483647;
			files = (
				0931EBA0143719F9007363E4 /* FoleysBeerAppTests.m in Sources */,
			);
			runOnlyForDeploymentPostprocessing = 0;
		};
/* End PBXSourcesBuildPhase section */

/* Begin PBXTargetDependency section */
		0931EB96143719F9007363E4 /* PBXTargetDependency */ = {
			isa = PBXTargetDependency;
			target = 0931EB6A143719F9007363E4 /* FoleysBeerApp */;
			targetProxy = 0931EB95143719F9007363E4 /* PBXContainerItemProxy */;
		};
/* End PBXTargetDependency section */

/* Begin PBXVariantGroup section */
		0931EB78143719F9007363E4 /* InfoPlist.strings */ = {
			isa = PBXVariantGroup;
			children = (
				0931EB79143719F9007363E4 /* en */,
			);
			name = InfoPlist.strings;
			sourceTree = "<group>";
		};
		0931EB81143719F9007363E4 /* MainWindow.xib */ = {
			isa = PBXVariantGroup;
			children = (
				0931EB82143719F9007363E4 /* en */,
			);
			name = MainWindow.xib;
			sourceTree = "<group>";
		};
		0931EB87143719F9007363E4 /* RootViewController.xib */ = {
			isa = PBXVariantGroup;
			children = (
				0931EB88143719F9007363E4 /* en */,
			);
			name = RootViewController.xib;
			sourceTree = "<group>";
		};
		0931EB9A143719F9007363E4 /* InfoPlist.strings */ = {
			isa = PBXVariantGroup;
			children = (
				0931EB9B143719F9007363E4 /* en */,
			);
			name = InfoPlist.strings;
			sourceTree = "<group>";
		};
/* End PBXVariantGroup section */

/* Begin XCBuildConfiguration section */
		0931EBA1143719F9007363E4 /* Debug */ = {
			isa = XCBuildConfiguration;
			buildSettings = {
				ALWAYS_SEARCH_USER_PATHS = NO;
				ARCHS = "$(ARCHS_STANDARD_32_BIT)";
				"CODE_SIGN_IDENTITY[sdk=iphoneos*]" = "iPhone Developer";
				COPY_PHASE_STRIP = NO;
				GCC_C_LANGUAGE_STANDARD = gnu99;
				GCC_DYNAMIC_NO_PIC = NO;
				GCC_OPTIMIZATION_LEVEL = 0;
				GCC_PREPROCESSOR_DEFINITIONS = (
					"DEBUG=1",
					"$(inherited)",
				);
				GCC_SYMBOLS_PRIVATE_EXTERN = NO;
				GCC_VERSION = com.apple.compilers.llvmgcc42;
				GCC_WARN_ABOUT_MISSING_PROTOTYPES = YES;
				GCC_WARN_ABOUT_RETURN_TYPE = YES;
				GCC_WARN_UNUSED_VARIABLE = YES;
				IPHONEOS_DEPLOYMENT_TARGET = 4.3;
				SDKROOT = iphoneos;
			};
			name = Debug;
		};
		0931EBA2143719F9007363E4 /* Release */ = {
			isa = XCBuildConfiguration;
			buildSettings = {
				ALWAYS_SEARCH_USER_PATHS = NO;
				ARCHS = "$(ARCHS_STANDARD_32_BIT)";
				"CODE_SIGN_IDENTITY[sdk=iphoneos*]" = "iPhone Developer";
				COPY_PHASE_STRIP = YES;
				GCC_C_LANGUAGE_STANDARD = gnu99;
				GCC_VERSION = com.apple.compilers.llvmgcc42;
				GCC_WARN_ABOUT_MISSING_PROTOTYPES = YES;
				GCC_WARN_ABOUT_RETURN_TYPE = YES;
				GCC_WARN_UNUSED_VARIABLE = YES;
				IPHONEOS_DEPLOYMENT_TARGET = 4.3;
				OTHER_CFLAGS = "-DNS_BLOCK_ASSERTIONS=1";
				SDKROOT = iphoneos;
				VALIDATE_PRODUCT = YES;
			};
			name = Release;
		};
		0931EBA4143719F9007363E4 /* Debug */ = {
			isa = XCBuildConfiguration;
			buildSettings = {
				GCC_PRECOMPILE_PREFIX_HEADER = YES;
				GCC_PREFIX_HEADER = "FoleysBeerApp/FoleysBeerApp-Prefix.pch";
				INFOPLIST_FILE = "FoleysBeerApp/FoleysBeerApp-Info.plist";
				PRODUCT_NAME = "$(TARGET_NAME)";
				WRAPPER_EXTENSION = app;
			};
			name = Debug;
		};
		0931EBA5143719F9007363E4 /* Release */ = {
			isa = XCBuildConfiguration;
			buildSettings = {
				GCC_PRECOMPILE_PREFIX_HEADER = YES;
				GCC_PREFIX_HEADER = "FoleysBeerApp/FoleysBeerApp-Prefix.pch";
				INFOPLIST_FILE = "FoleysBeerApp/FoleysBeerApp-Info.plist";
				PRODUCT_NAME = "$(TARGET_NAME)";
				WRAPPER_EXTENSION = app;
			};
			name = Release;
		};
		0931EBA7143719F9007363E4 /* Debug */ = {
			isa = XCBuildConfiguration;
			buildSettings = {
				BUNDLE_LOADER = "$(BUILT_PRODUCTS_DIR)/FoleysBeerApp.app/FoleysBeerApp";
				FRAMEWORK_SEARCH_PATHS = (
					"$(SDKROOT)/Developer/Library/Frameworks",
					"$(DEVELOPER_LIBRARY_DIR)/Frameworks",
				);
				GCC_PRECOMPILE_PREFIX_HEADER = YES;
				GCC_PREFIX_HEADER = "FoleysBeerApp/FoleysBeerApp-Prefix.pch";
				INFOPLIST_FILE = "FoleysBeerAppTests/FoleysBeerAppTests-Info.plist";
				PRODUCT_NAME = "$(TARGET_NAME)";
				TEST_HOST = "$(BUNDLE_LOADER)";
				WRAPPER_EXTENSION = octest;
			};
			name = Debug;
		};
		0931EBA8143719F9007363E4 /* Release */ = {
			isa = XCBuildConfiguration;
			buildSettings = {
				BUNDLE_LOADER = "$(BUILT_PRODUCTS_DIR)/FoleysBeerApp.app/FoleysBeerApp";
				FRAMEWORK_SEARCH_PATHS = (
					"$(SDKROOT)/Developer/Library/Frameworks",
					"$(DEVELOPER_LIBRARY_DIR)/Frameworks",
				);
				GCC_PRECOMPILE_PREFIX_HEADER = YES;
				GCC_PREFIX_HEADER = "FoleysBeerApp/FoleysBeerApp-Prefix.pch";
				INFOPLIST_FILE = "FoleysBeerAppTests/FoleysBeerAppTests-Info.plist";
				PRODUCT_NAME = "$(TARGET_NAME)";
				TEST_HOST = "$(BUNDLE_LOADER)";
				WRAPPER_EXTENSION = octest;
			};
			name = Release;
		};
/* End XCBuildConfiguration section */

/* Begin XCConfigurationList section */
		0931EB65143719F9007363E4 /* Build configuration list for PBXProject "FoleysBeerApp" */ = {
			isa = XCConfigurationList;
			buildConfigurations = (
				0931EBA1143719F9007363E4 /* Debug */,
				0931EBA2143719F9007363E4 /* Release */,
			);
			defaultConfigurationIsVisible = 0;
			defaultConfigurationName = Release;
		};
		0931EBA3143719F9007363E4 /* Build configuration list for PBXNativeTarget "FoleysBeerApp" */ = {
			isa = XCConfigurationList;
			buildConfigurations = (
				0931EBA4143719F9007363E4 /* Debug */,
				0931EBA5143719F9007363E4 /* Release */,
			);
			defaultConfigurationIsVisible = 0;
		};
		0931EBA6143719F9007363E4 /* Build configuration list for PBXNativeTarget "FoleysBeerAppTests" */ = {
			isa = XCConfigurationList;
			buildConfigurations = (
				0931EBA7143719F9007363E4 /* Debug */,
				0931EBA8143719F9007363E4 /* Release */,
			);
			defaultConfigurationIsVisible = 0;
		};
/* End XCConfigurationList section */
	};
	rootObject = 0931EB62143719F9007363E4 /* Project object */;
}
